
Microsoft Visual Studio Solution File, Format Version 12.00
# Visual Studio Version 17
VisualStudioVersion = 17.11.35303.130
MinimumVisualStudioVersion = 10.0.40219.1
Project("{9A19103F-16F7-4668-BE54-9A1E7A4F7556}") = "Domain", "Domain\Domain.csproj", "{9C516670-C7B9-4644-BBE2-787868F3B775}"
EndProject
Project("{9A19103F-16F7-4668-BE54-9A1E7A4F7556}") = "Infraestructure", "Infraestructure\Infraestructure.csproj", "{E33B575D-FD16-4FF6-9772-EF846D9B4619}"
EndProject
Project("{9A19103F-16F7-4668-BE54-9A1E7A4F7556}") = "Application", "Application\Application.csproj", "{AAC34B6C-C1B2-469E-AA53-EC5FDE7E15C9}"
EndProject
Project("{9A19103F-16F7-4668-BE54-9A1E7A4F7556}") = "API", "API\API.csproj", "{6AA66526-6100-4ABA-81C1-5F3885BADD7A}"
EndProject
Project("{2150E333-8FDC-42A3-9474-1A3956D46DE8}") = "Itens de Solução", "Itens de Solução", "{0215E879-9960-4967-BF82-138BE8570C3E}"
	ProjectSection(SolutionItems) = preProject
		.gitignore = .gitignore
		docker-compose.yml = docker-compose.yml
	EndProjectSection
EndProject
Project("{9A19103F-16F7-4668-BE54-9A1E7A4F7556}") = "Worker", "Worker\Worker.csproj", "{B6FBF0EA-2CF8-42EA-8F75-C38BE1969CDB}"
EndProject
Project("{FAE04EC0-301F-11D3-BF4B-00C04F79EFBC}") = "BlazorApp", "BlazorApp\BlazorApp.csproj", "{AEFB1DAA-4659-427D-B968-08DE4D3A66DB}"
EndProject
Project("{FAE04EC0-301F-11D3-BF4B-00C04F79EFBC}") = "Shared", "Shared\Shared.csproj", "{B82D76B0-C3F8-44DB-A98E-8FC5CE408FA1}"
EndProject
Global
	GlobalSection(SolutionConfigurationPlatforms) = preSolution
		Debug|Any CPU = Debug|Any CPU
		Release|Any CPU = Release|Any CPU
	EndGlobalSection
	GlobalSection(ProjectConfigurationPlatforms) = postSolution
		{9C516670-C7B9-4644-BBE2-787868F3B775}.Debug|Any CPU.ActiveCfg = Debug|Any CPU
		{9C516670-C7B9-4644-BBE2-787868F3B775}.Debug|Any CPU.Build.0 = Debug|Any CPU
		{9C516670-C7B9-4644-BBE2-787868F3B775}.Release|Any CPU.ActiveCfg = Release|Any CPU
		{9C516670-C7B9-4644-BBE2-787868F3B775}.Release|Any CPU.Build.0 = Release|Any CPU
		{E33B575D-FD16-4FF6-9772-EF846D9B4619}.Debug|Any CPU.ActiveCfg = Debug|Any CPU
		{E33B575D-FD16-4FF6-9772-EF846D9B4619}.Debug|Any CPU.Build.0 = Debug|Any CPU
		{E33B575D-FD16-4FF6-9772-EF846D9B4619}.Release|Any CPU.ActiveCfg = Release|Any CPU
		{E33B575D-FD16-4FF6-9772-EF846D9B4619}.Release|Any CPU.Build.0 = Release|Any CPU
		{AAC34B6C-C1B2-469E-AA53-EC5FDE7E15C9}.Debug|Any CPU.ActiveCfg = Debug|Any CPU
		{AAC34B6C-C1B2-469E-AA53-EC5FDE7E15C9}.Debug|Any CPU.Build.0 = Debug|Any CPU
		{AAC34B6C-C1B2-469E-AA53-EC5FDE7E15C9}.Release|Any CPU.ActiveCfg = Release|Any CPU
		{AAC34B6C-C1B2-469E-AA53-EC5FDE7E15C9}.Release|Any CPU.Build.0 = Release|Any CPU
		{6AA66526-6100-4ABA-81C1-5F3885BADD7A}.Debug|Any CPU.ActiveCfg = Debug|Any CPU
		{6AA66526-6100-4ABA-81C1-5F3885BADD7A}.Debug|Any CPU.Build.0 = Debug|Any CPU
		{6AA66526-6100-4ABA-81C1-5F3885BADD7A}.Release|Any CPU.ActiveCfg = Release|Any CPU
		{6AA66526-6100-4ABA-81C1-5F3885BADD7A}.Release|Any CPU.Build.0 = Release|Any CPU
		{B6FBF0EA-2CF8-42EA-8F75-C38BE1969CDB}.Debug|Any CPU.ActiveCfg = Debug|Any CPU
		{B6FBF0EA-2CF8-42EA-8F75-C38BE1969CDB}.Debug|Any CPU.Build.0 = Debug|Any CPU
		{B6FBF0EA-2CF8-42EA-8F75-C38BE1969CDB}.Release|Any CPU.ActiveCfg = Release|Any CPU
		{B6FBF0EA-2CF8-42EA-8F75-C38BE1969CDB}.Release|Any CPU.Build.0 = Release|Any CPU
		{AEFB1DAA-4659-427D-B968-08DE4D3A66DB}.Debug|Any CPU.ActiveCfg = Debug|Any CPU
		{AEFB1DAA-4659-427D-B968-08DE4D3A66DB}.Debug|Any CPU.Build.0 = Debug|Any CPU
		{AEFB1DAA-4659-427D-B968-08DE4D3A66DB}.Release|Any CPU.ActiveCfg = Release|Any CPU
		{AEFB1DAA-4659-427D-B968-08DE4D3A66DB}.Release|Any CPU.Build.0 = Release|Any CPU
		{B82D76B0-C3F8-44DB-A98E-8FC5CE408FA1}.Debug|Any CPU.ActiveCfg = Debug|Any CPU
		{B82D76B0-C3F8-44DB-A98E-8FC5CE408FA1}.Debug|Any CPU.Build.0 = Debug|Any CPU
		{B82D76B0-C3F8-44DB-A98E-8FC5CE408FA1}.Release|Any CPU.ActiveCfg = Release|Any CPU
		{B82D76B0-C3F8-44DB-A98E-8FC5CE408FA1}.Release|Any CPU.Build.0 = Release|Any CPU
	EndGlobalSection
	GlobalSection(SolutionProperties) = preSolution
		HideSolutionNode = FALSE
	EndGlobalSection
	GlobalSection(ExtensibilityGlobals) = postSolution
		SolutionGuid = {D5D45123-DB36-4C13-8FDD-E79A04E34518}
	EndGlobalSection
EndGlobal
